
Microsoft Visual Studio Solution File, Format Version 12.00
# Visual Studio Version 17
VisualStudioVersion = 17.7.34202.233
MinimumVisualStudioVersion = 10.0.40219.1
Project("{FAE04EC0-301F-11D3-BF4B-00C04F79EFBC}") = "WindowsFormsApp1", "WindowsFormsApp1.csproj", "{DAEEEF29-FCA4-439A-9351-473F13E6B5F0}"
EndProject
Global
	GlobalSection(SolutionConfigurationPlatforms) = preSolution
		Debug|Any CPU = Debug|Any CPU
		Release|Any CPU = Release|Any CPU
	EndGlobalSection
	GlobalSection(ProjectConfigurationPlatforms) = postSolution
		{DAEEEF29-FCA4-439A-9351-473F13E6B5F0}.Debug|Any CPU.ActiveCfg = Debug|Any CPU
		{DAEEEF29-FCA4-439A-9351-473F13E6B5F0}.Debug|Any CPU.Build.0 = Debug|Any CPU
		{DAEEEF29-FCA4-439A-9351-473F13E6B5F0}.Release|Any CPU.ActiveCfg = Release|Any CPU
		{DAEEEF29-FCA4-439A-9351-473F13E6B5F0}.Release|Any CPU.Build.0 = Release|Any CPU
	EndGlobalSection
	GlobalSection(SolutionProperties) = preSolution
		HideSolutionNode = FALSE
	EndGlobalSection
	GlobalSection(ExtensibilityGlobals) = postSolution
		SolutionGuid = {30B3ECD4-B756-4523-8BE1-6DD052D8F077}
	EndGlobalSection
EndGlobal
